<?xml version="1.0" encoding="utf-8"?>
<Project ToolsVersion="4.0" xmlns="http://schemas.microsoft.com/developer/msbuild/2003">
  <ItemGroup>
    <Filter Include="Source Files">
      <UniqueIdentifier>{4FC737F1-C7A5-4376-A066-2A32D752A2FF}</UniqueIdentifier>
      <Extensions>cpp;c;cc;cxx;c++;cppm;ixx;def;odl;idl;hpj;bat;asm;asmx</Extensions>
    </Filter>
    <Filter Include="Header Files">
      <UniqueIdentifier>{93995380-89BD-4b04-88EB-625FBE52EBFB}</UniqueIdentifier>
      <Extensions>h;hh;hpp;hxx;h++;hm;inl;inc;ipp;xsd</Extensions>
    </Filter>
    <Filter Include="Resource Files">
      <UniqueIdentifier>{67DA6AB6-F800-4c08-8B7A-83BB121AAD01}</UniqueIdentifier>
      <Extensions>rc;ico;cur;bmp;dlg;rc2;rct;bin;rgs;gif;jpg;jpeg;jpe;resx;tiff;tif;png;wav;mfcribbon-ms</Extensions>
    </Filter>
    <Filter Include="src">
      <UniqueIdentifier>{9f5301a1-b9da-4af0-b403-f16413626910}</UniqueIdentifier>
    </Filter>
    <Filter Include="assets">
      <UniqueIdentifier>{2e37a320-5849-494c-9231-28c96a12e4b3}</UniqueIdentifier>
    </Filter>
    <Filter Include="include">
      <UniqueIdentifier>{e3faf19c-d665-4c94-a7dc-98670a2dd8cc}</UniqueIdentifier>
    </Filter>
  </ItemGroup>
  <ItemGroup>
    <ClCompile Include="main.cpp">
      <Filter>Source Files</Filter>
    </ClCompile>
    <ClCompile Include="..\..\..\..\Downloads\New folder\New folder\Barrier.cpp">
      <Filter>src</Filter>
    </ClCompile>
    <ClCompile Include="..\..\..\..\Downloads\New folder\New folder\Coin.cpp">
      <Filter>src</Filter>
    </ClCompile>
    <ClCompile Include="..\..\..\..\Downloads\New folder\New folder\Cone.cpp">
      <Filter>src</Filter>
    </ClCompile>
    <ClCompile Include="..\..\..\..\Downloads\New folder\New folder\Fence.cpp">
      <Filter>src</Filter>
    </ClCompile>
    <ClCompile Include="..\..\..\..\Downloads\New folder\New folder\Train.cpp">
      <Filter>src</Filter>
    </ClCompile>
    <ClCompile Include="ScoreManager.cpp">
      <Filter>src</Filter>
    </ClCompile>
    <ClCompile Include="GameEngine.cpp">
      <Filter>src</Filter>
    </ClCompile>
    <ClCompile Include="Obstacle.cpp">
      <Filter>src</Filter>
    </ClCompile>
    <ClCompile Include="Player.cpp">
      <Filter>src</Filter>
    </ClCompile>
    <ClCompile Include="GameOverScreen.cpp">
      <Filter>src</Filter>
    </ClCompile>
    <ClCompile Include="menu.cpp">
      <Filter>src</Filter>
    </ClCompile>
  </ItemGroup>
  <ItemGroup>
    <Font Include="..\..\..\..\Downloads\New folder\New folder\arial.ttf">
      <Filter>assets</Filter>
    </Font>
  </ItemGroup>
  <ItemGroup>
    <Image Include="..\..\..\..\Downloads\New folder\New folder\background.png">
      <Filter>assets</Filter>
    </Image>
    <Image Include="..\..\..\..\Downloads\New folder\New folder\barrier.png">
      <Filter>assets</Filter>
    </Image>
    <Image Include="..\..\..\..\Downloads\New folder\New folder\coin.png">
      <Filter>assets</Filter>
    </Image>
    <Image Include="..\..\..\..\Downloads\New folder\New folder\cone.png">
      <Filter>assets</Filter>
    </Image>
    <Image Include="..\..\..\..\Downloads\New folder\New folder\fence.png">
      <Filter>assets</Filter>
    </Image>
  </ItemGroup>
  <ItemGroup>
    <ClInclude Include="ScoreManager.hpp">
      <Filter>include</Filter>
    </ClInclude>
    <ClInclude Include="GameEngine.hpp">
      <Filter>include</Filter>
    </ClInclude>
    <ClInclude Include="Barrier.hpp">
      <Filter>include</Filter>
    </ClInclude>
    <ClInclude Include="Coin.hpp">
      <Filter>include</Filter>
    </ClInclude>
    <ClInclude Include="Player.hpp">
      <Filter>include</Filter>
    </ClInclude>
    <ClInclude Include="Cone.hpp">
      <Filter>include</Filter>
    </ClInclude>
    <ClInclude Include="Train.hpp">
      <Filter>include</Filter>
    </ClInclude>
    <ClInclude Include="Fence.hpp">
      <Filter>include</Filter>
    </ClInclude>
    <ClInclude Include="Obstacle.hpp">
      <Filter>include</Filter>
    </ClInclude>
    <ClInclude Include="GameOverScreen.hpp">
      <Filter>include</Filter>
    </ClInclude>
    <ClInclude Include="menu.hpp">
      <Filter>include</Filter>
    </ClInclude>
  </ItemGroup>
</Project>